// !$*UTF8*$!
{
	archiveVersion = 1;
	classes = {
	};
	objectVersion = 50;
	objects = {

/* Begin PBXBuildFile section */
		2023A8072224647600FCCAEB /* ConversationsListViewController.swift in Sources */ = {isa = PBXBuildFile; fileRef = 2023A8062224647600FCCAEB /* ConversationsListViewController.swift */; };
		2023A80D22246D8900FCCAEB /* ConversationCell.xib in Resources */ = {isa = PBXBuildFile; fileRef = 2023A80C22246D8900FCCAEB /* ConversationCell.xib */; };
		2023A811222474E700FCCAEB /* ConversationCell.swift in Sources */ = {isa = PBXBuildFile; fileRef = 2023A810222474E700FCCAEB /* ConversationCell.swift */; };
		20505D7E22256B9D00E7729D /* ConversationsList.swift in Sources */ = {isa = PBXBuildFile; fileRef = 20505D7D22256B9D00E7729D /* ConversationsList.swift */; };
		20505D8022256CFD00E7729D /* ConversationPreview.swift in Sources */ = {isa = PBXBuildFile; fileRef = 20505D7F22256CFD00E7729D /* ConversationPreview.swift */; };
		2077BDAC2227F4E900B1CDB2 /* ConversationCellConfigurationProtocol.swift in Sources */ = {isa = PBXBuildFile; fileRef = 2077BDAB2227F4E900B1CDB2 /* ConversationCellConfigurationProtocol.swift */; };
		20B8759222281BD200EE1DD6 /* ConversationViewController.swift in Sources */ = {isa = PBXBuildFile; fileRef = 20B8759122281BD200EE1DD6 /* ConversationViewController.swift */; };
		20B8759422281CDC00EE1DD6 /* MessageCellConfiguration.swift in Sources */ = {isa = PBXBuildFile; fileRef = 20B8759322281CDC00EE1DD6 /* MessageCellConfiguration.swift */; };
		20B8759722281DA700EE1DD6 /* InMessageCell.xib in Resources */ = {isa = PBXBuildFile; fileRef = 20B8759622281DA700EE1DD6 /* InMessageCell.xib */; };
		20B8759922281DC700EE1DD6 /* OutMessageCell.xib in Resources */ = {isa = PBXBuildFile; fileRef = 20B8759822281DC700EE1DD6 /* OutMessageCell.xib */; };
		20B8759B22281E0800EE1DD6 /* MessageCell.swift in Sources */ = {isa = PBXBuildFile; fileRef = 20B8759A22281E0800EE1DD6 /* MessageCell.swift */; };
		20B8759D2229434D00EE1DD6 /* Message.swift in Sources */ = {isa = PBXBuildFile; fileRef = 20B8759C2229434D00EE1DD6 /* Message.swift */; };
		20B8759F2229454300EE1DD6 /* MessagesList.swift in Sources */ = {isa = PBXBuildFile; fileRef = 20B8759E2229454300EE1DD6 /* MessagesList.swift */; };
		20EEAB2B2211CC6F007EE26A /* AppDelegate.swift in Sources */ = {isa = PBXBuildFile; fileRef = 20EEAB2A2211CC6F007EE26A /* AppDelegate.swift */; };
		20EEAB2D2211CC6F007EE26A /* ProfileViewController.swift in Sources */ = {isa = PBXBuildFile; fileRef = 20EEAB2C2211CC6F007EE26A /* ProfileViewController.swift */; };
		20EEAB302211CC6F007EE26A /* Main.storyboard in Resources */ = {isa = PBXBuildFile; fileRef = 20EEAB2E2211CC6F007EE26A /* Main.storyboard */; };
		20EEAB322211CC70007EE26A /* Assets.xcassets in Resources */ = {isa = PBXBuildFile; fileRef = 20EEAB312211CC70007EE26A /* Assets.xcassets */; };
		20EEAB352211CC70007EE26A /* LaunchScreen.storyboard in Resources */ = {isa = PBXBuildFile; fileRef = 20EEAB332211CC70007EE26A /* LaunchScreen.storyboard */; };
		20EEAB3D2211F642007EE26A /* Logger.swift in Sources */ = {isa = PBXBuildFile; fileRef = 20EEAB3C2211F642007EE26A /* Logger.swift */; };
		20FB7EBB222D94F600FBCB47 /* Themes.m in Sources */ = {isa = PBXBuildFile; fileRef = 20FB7EBA222D94F600FBCB47 /* Themes.m */; };
		20FB7EC4222EBAEC00FBCB47 /* ThemesViewController.swift in Sources */ = {isa = PBXBuildFile; fileRef = 20FB7EBD222EAC5200FBCB47 /* ThemesViewController.swift */; };
		20FB7EC6222EBFF300FBCB47 /* ThemeManager.swift in Sources */ = {isa = PBXBuildFile; fileRef = 20FB7EC5222EBFF300FBCB47 /* ThemeManager.swift */; };
/* End PBXBuildFile section */

/* Begin PBXFileReference section */
		2023A8062224647600FCCAEB /* ConversationsListViewController.swift */ = {isa = PBXFileReference; lastKnownFileType = sourcecode.swift; path = ConversationsListViewController.swift; sourceTree = "<group>"; };
		2023A80C22246D8900FCCAEB /* ConversationCell.xib */ = {isa = PBXFileReference; lastKnownFileType = file.xib; path = ConversationCell.xib; sourceTree = "<group>"; };
		2023A810222474E700FCCAEB /* ConversationCell.swift */ = {isa = PBXFileReference; lastKnownFileType = sourcecode.swift; path = ConversationCell.swift; sourceTree = "<group>"; };
		20505D7D22256B9D00E7729D /* ConversationsList.swift */ = {isa = PBXFileReference; lastKnownFileType = sourcecode.swift; path = ConversationsList.swift; sourceTree = "<group>"; };
		20505D7F22256CFD00E7729D /* ConversationPreview.swift */ = {isa = PBXFileReference; lastKnownFileType = sourcecode.swift; path = ConversationPreview.swift; sourceTree = "<group>"; };
		2077BDAB2227F4E900B1CDB2 /* ConversationCellConfigurationProtocol.swift */ = {isa = PBXFileReference; lastKnownFileType = sourcecode.swift; path = ConversationCellConfigurationProtocol.swift; sourceTree = "<group>"; };
		20B8759122281BD200EE1DD6 /* ConversationViewController.swift */ = {isa = PBXFileReference; lastKnownFileType = sourcecode.swift; path = ConversationViewController.swift; sourceTree = "<group>"; };
		20B8759322281CDC00EE1DD6 /* MessageCellConfiguration.swift */ = {isa = PBXFileReference; lastKnownFileType = sourcecode.swift; path = MessageCellConfiguration.swift; sourceTree = "<group>"; };
		20B8759622281DA700EE1DD6 /* InMessageCell.xib */ = {isa = PBXFileReference; lastKnownFileType = file.xib; path = InMessageCell.xib; sourceTree = "<group>"; };
		20B8759822281DC700EE1DD6 /* OutMessageCell.xib */ = {isa = PBXFileReference; lastKnownFileType = file.xib; path = OutMessageCell.xib; sourceTree = "<group>"; };
		20B8759A22281E0800EE1DD6 /* MessageCell.swift */ = {isa = PBXFileReference; lastKnownFileType = sourcecode.swift; path = MessageCell.swift; sourceTree = "<group>"; };
		20B8759C2229434D00EE1DD6 /* Message.swift */ = {isa = PBXFileReference; lastKnownFileType = sourcecode.swift; path = Message.swift; sourceTree = "<group>"; };
		20B8759E2229454300EE1DD6 /* MessagesList.swift */ = {isa = PBXFileReference; lastKnownFileType = sourcecode.swift; path = MessagesList.swift; sourceTree = "<group>"; };
		20EEAB272211CC6F007EE26A /* TinkoffChat.app */ = {isa = PBXFileReference; explicitFileType = wrapper.application; includeInIndex = 0; path = TinkoffChat.app; sourceTree = BUILT_PRODUCTS_DIR; };
		20EEAB2A2211CC6F007EE26A /* AppDelegate.swift */ = {isa = PBXFileReference; lastKnownFileType = sourcecode.swift; path = AppDelegate.swift; sourceTree = "<group>"; };
		20EEAB2C2211CC6F007EE26A /* ProfileViewController.swift */ = {isa = PBXFileReference; lastKnownFileType = sourcecode.swift; path = ProfileViewController.swift; sourceTree = "<group>"; };
		20EEAB2F2211CC6F007EE26A /* Base */ = {isa = PBXFileReference; lastKnownFileType = file.storyboard; name = Base; path = Base.lproj/Main.storyboard; sourceTree = "<group>"; };
		20EEAB312211CC70007EE26A /* Assets.xcassets */ = {isa = PBXFileReference; lastKnownFileType = folder.assetcatalog; path = Assets.xcassets; sourceTree = "<group>"; };
		20EEAB342211CC70007EE26A /* Base */ = {isa = PBXFileReference; lastKnownFileType = file.storyboard; name = Base; path = Base.lproj/LaunchScreen.storyboard; sourceTree = "<group>"; };
		20EEAB362211CC70007EE26A /* Info.plist */ = {isa = PBXFileReference; lastKnownFileType = text.plist.xml; path = Info.plist; sourceTree = "<group>"; };
		20EEAB3C2211F642007EE26A /* Logger.swift */ = {isa = PBXFileReference; lastKnownFileType = sourcecode.swift; path = Logger.swift; sourceTree = "<group>"; };
		20FB7EB5222D948700FBCB47 /* TinkoffChat-Bridging-Header.h */ = {isa = PBXFileReference; lastKnownFileType = sourcecode.c.h; path = "TinkoffChat-Bridging-Header.h"; sourceTree = "<group>"; };
		20FB7EB6222D948800FBCB47 /* ThemesViewController.h */ = {isa = PBXFileReference; lastKnownFileType = sourcecode.c.h; path = ThemesViewController.h; sourceTree = "<group>"; };
		20FB7EB7222D948800FBCB47 /* ThemesViewController.m */ = {isa = PBXFileReference; lastKnownFileType = sourcecode.c.objc; path = ThemesViewController.m; sourceTree = "<group>"; };
		20FB7EB9222D94F600FBCB47 /* Themes.h */ = {isa = PBXFileReference; lastKnownFileType = sourcecode.c.h; path = Themes.h; sourceTree = "<group>"; };
		20FB7EBA222D94F600FBCB47 /* Themes.m */ = {isa = PBXFileReference; lastKnownFileType = sourcecode.c.objc; path = Themes.m; sourceTree = "<group>"; };
		20FB7EBC222D95A600FBCB47 /* ThemesViewControllerDelegate.h */ = {isa = PBXFileReference; lastKnownFileType = sourcecode.c.h; path = ThemesViewControllerDelegate.h; sourceTree = "<group>"; };
		20FB7EBD222EAC5200FBCB47 /* ThemesViewController.swift */ = {isa = PBXFileReference; lastKnownFileType = sourcecode.swift; path = ThemesViewController.swift; sourceTree = "<group>"; };
		20FB7EC5222EBFF300FBCB47 /* ThemeManager.swift */ = {isa = PBXFileReference; lastKnownFileType = sourcecode.swift; path = ThemeManager.swift; sourceTree = "<group>"; };
/* End PBXFileReference section */

/* Begin PBXFrameworksBuildPhase section */
		20EEAB242211CC6F007EE26A /* Frameworks */ = {
			isa = PBXFrameworksBuildPhase;
			buildActionMask = 2147483647;
			files = (
			);
			runOnlyForDeploymentPostprocessing = 0;
		};
/* End PBXFrameworksBuildPhase section */

/* Begin PBXGroup section */
		2077BDA62227F3CE00B1CDB2 /* Model */ = {
			isa = PBXGroup;
			children = (
				20505D7D22256B9D00E7729D /* ConversationsList.swift */,
				20505D7F22256CFD00E7729D /* ConversationPreview.swift */,
				20B8759E2229454300EE1DD6 /* MessagesList.swift */,
				20B8759C2229434D00EE1DD6 /* Message.swift */,
				20FB7EB9222D94F600FBCB47 /* Themes.h */,
				20FB7EBA222D94F600FBCB47 /* Themes.m */,
			);
			path = Model;
			sourceTree = "<group>";
		};
		2077BDA72227F3DB00B1CDB2 /* View Controllers */ = {
			isa = PBXGroup;
			children = (
				2023A8062224647600FCCAEB /* ConversationsListViewController.swift */,
				20EEAB2C2211CC6F007EE26A /* ProfileViewController.swift */,
				20B8759122281BD200EE1DD6 /* ConversationViewController.swift */,
				20FB7EB6222D948800FBCB47 /* ThemesViewController.h */,
				20FB7EB7222D948800FBCB47 /* ThemesViewController.m */,
				20FB7EBD222EAC5200FBCB47 /* ThemesViewController.swift */,
			);
			path = "View Controllers";
			sourceTree = "<group>";
		};
		2077BDA82227F3E800B1CDB2 /* Utils */ = {
			isa = PBXGroup;
			children = (
				20EEAB3C2211F642007EE26A /* Logger.swift */,
			);
			path = Utils;
			sourceTree = "<group>";
		};
		2077BDA92227F41B00B1CDB2 /* Conversation Cell */ = {
			isa = PBXGroup;
			children = (
				2023A80C22246D8900FCCAEB /* ConversationCell.xib */,
				2023A810222474E700FCCAEB /* ConversationCell.swift */,
			);
			path = "Conversation Cell";
			sourceTree = "<group>";
		};
		2077BDAA2227F4B300B1CDB2 /* Protocols */ = {
			isa = PBXGroup;
			children = (
				2077BDAB2227F4E900B1CDB2 /* ConversationCellConfigurationProtocol.swift */,
				20B8759322281CDC00EE1DD6 /* MessageCellConfiguration.swift */,
				20FB7EBC222D95A600FBCB47 /* ThemesViewControllerDelegate.h */,
			);
			path = Protocols;
			sourceTree = "<group>";
		};
		20B8759522281D3A00EE1DD6 /* Message Cell */ = {
			isa = PBXGroup;
			children = (
				20B8759622281DA700EE1DD6 /* InMessageCell.xib */,
				20B8759822281DC700EE1DD6 /* OutMessageCell.xib */,
				20B8759A22281E0800EE1DD6 /* MessageCell.swift */,
			);
			path = "Message Cell";
			sourceTree = "<group>";
		};
		20EEAB1E2211CC6F007EE26A = {
			isa = PBXGroup;
			children = (
				20EEAB292211CC6F007EE26A /* TinkoffChat */,
				20EEAB282211CC6F007EE26A /* Products */,
			);
			sourceTree = "<group>";
		};
		20EEAB282211CC6F007EE26A /* Products */ = {
			isa = PBXGroup;
			children = (
				20EEAB272211CC6F007EE26A /* TinkoffChat.app */,
			);
			name = Products;
			sourceTree = "<group>";
		};
		20EEAB292211CC6F007EE26A /* TinkoffChat */ = {
			isa = PBXGroup;
			children = (
				2077BDA72227F3DB00B1CDB2 /* View Controllers */,
				20B8759522281D3A00EE1DD6 /* Message Cell */,
				2077BDA92227F41B00B1CDB2 /* Conversation Cell */,
				2077BDA62227F3CE00B1CDB2 /* Model */,
				2077BDAA2227F4B300B1CDB2 /* Protocols */,
				2077BDA82227F3E800B1CDB2 /* Utils */,
				20FB7EC5222EBFF300FBCB47 /* ThemeManager.swift */,
				20EEAB2A2211CC6F007EE26A /* AppDelegate.swift */,
				20EEAB2E2211CC6F007EE26A /* Main.storyboard */,
				20EEAB332211CC70007EE26A /* LaunchScreen.storyboard */,
				20EEAB312211CC70007EE26A /* Assets.xcassets */,
				20EEAB362211CC70007EE26A /* Info.plist */,
				20FB7EB5222D948700FBCB47 /* TinkoffChat-Bridging-Header.h */,
			);
			path = TinkoffChat;
			sourceTree = "<group>";
		};
/* End PBXGroup section */

/* Begin PBXNativeTarget section */
		20EEAB262211CC6F007EE26A /* TinkoffChat */ = {
			isa = PBXNativeTarget;
			buildConfigurationList = 20EEAB392211CC70007EE26A /* Build configuration list for PBXNativeTarget "TinkoffChat" */;
			buildPhases = (
				20EEAB232211CC6F007EE26A /* Sources */,
				20EEAB242211CC6F007EE26A /* Frameworks */,
				20EEAB252211CC6F007EE26A /* Resources */,
			);
			buildRules = (
			);
			dependencies = (
			);
			name = TinkoffChat;
			productName = TinkoffChat;
			productReference = 20EEAB272211CC6F007EE26A /* TinkoffChat.app */;
			productType = "com.apple.product-type.application";
		};
/* End PBXNativeTarget section */

/* Begin PBXProject section */
		20EEAB1F2211CC6F007EE26A /* Project object */ = {
			isa = PBXProject;
			attributes = {
				LastSwiftUpdateCheck = 1010;
				LastUpgradeCheck = 1010;
				ORGANIZATIONNAME = Iksanov;
				TargetAttributes = {
					20EEAB262211CC6F007EE26A = {
						CreatedOnToolsVersion = 10.1;
						LastSwiftMigration = 1010;
					};
				};
			};
			buildConfigurationList = 20EEAB222211CC6F007EE26A /* Build configuration list for PBXProject "TinkoffChat" */;
			compatibilityVersion = "Xcode 9.3";
			developmentRegion = en;
			hasScannedForEncodings = 0;
			knownRegions = (
				en,
				Base,
			);
			mainGroup = 20EEAB1E2211CC6F007EE26A;
			productRefGroup = 20EEAB282211CC6F007EE26A /* Products */;
			projectDirPath = "";
			projectRoot = "";
			targets = (
				20EEAB262211CC6F007EE26A /* TinkoffChat */,
			);
		};
/* End PBXProject section */

/* Begin PBXResourcesBuildPhase section */
		20EEAB252211CC6F007EE26A /* Resources */ = {
			isa = PBXResourcesBuildPhase;
			buildActionMask = 2147483647;
			files = (
				2023A80D22246D8900FCCAEB /* ConversationCell.xib in Resources */,
				20EEAB352211CC70007EE26A /* LaunchScreen.storyboard in Resources */,
				20EEAB322211CC70007EE26A /* Assets.xcassets in Resources */,
				20B8759722281DA700EE1DD6 /* InMessageCell.xib in Resources */,
				20B8759922281DC700EE1DD6 /* OutMessageCell.xib in Resources */,
				20EEAB302211CC6F007EE26A /* Main.storyboard in Resources */,
			);
			runOnlyForDeploymentPostprocessing = 0;
		};
/* End PBXResourcesBuildPhase section */

/* Begin PBXSourcesBuildPhase section */
		20EEAB232211CC6F007EE26A /* Sources */ = {
			isa = PBXSourcesBuildPhase;
			buildActionMask = 2147483647;
			files = (
				20B8759B22281E0800EE1DD6 /* MessageCell.swift in Sources */,
				20EEAB2D2211CC6F007EE26A /* ProfileViewController.swift in Sources */,
				20B8759F2229454300EE1DD6 /* MessagesList.swift in Sources */,
				2023A8072224647600FCCAEB /* ConversationsListViewController.swift in Sources */,
				20B8759222281BD200EE1DD6 /* ConversationViewController.swift in Sources */,
				20EEAB3D2211F642007EE26A /* Logger.swift in Sources */,
				20B8759422281CDC00EE1DD6 /* MessageCellConfiguration.swift in Sources */,
				2077BDAC2227F4E900B1CDB2 /* ConversationCellConfigurationProtocol.swift in Sources */,
				20505D8022256CFD00E7729D /* ConversationPreview.swift in Sources */,
				20FB7EC6222EBFF300FBCB47 /* ThemeManager.swift in Sources */,
				20FB7EC4222EBAEC00FBCB47 /* ThemesViewController.swift in Sources */,
				2023A811222474E700FCCAEB /* ConversationCell.swift in Sources */,
				20B8759D2229434D00EE1DD6 /* Message.swift in Sources */,
				20FB7EBB222D94F600FBCB47 /* Themes.m in Sources */,
				20EEAB2B2211CC6F007EE26A /* AppDelegate.swift in Sources */,
				20505D7E22256B9D00E7729D /* ConversationsList.swift in Sources */,
			);
			runOnlyForDeploymentPostprocessing = 0;
		};
/* End PBXSourcesBuildPhase section */

/* Begin PBXVariantGroup section */
		20EEAB2E2211CC6F007EE26A /* Main.storyboard */ = {
			isa = PBXVariantGroup;
			children = (
				20EEAB2F2211CC6F007EE26A /* Base */,
			);
			name = Main.storyboard;
			sourceTree = "<group>";
		};
		20EEAB332211CC70007EE26A /* LaunchScreen.storyboard */ = {
			isa = PBXVariantGroup;
			children = (
				20EEAB342211CC70007EE26A /* Base */,
			);
			name = LaunchScreen.storyboard;
			sourceTree = "<group>";
		};
/* End PBXVariantGroup section */

/* Begin XCBuildConfiguration section */
		20EEAB372211CC70007EE26A /* Debug */ = {
			isa = XCBuildConfiguration;
			buildSettings = {
				ALWAYS_SEARCH_USER_PATHS = NO;
				CLANG_ANALYZER_NONNULL = YES;
				CLANG_ANALYZER_NUMBER_OBJECT_CONVERSION = YES_AGGRESSIVE;
				CLANG_CXX_LANGUAGE_STANDARD = "gnu++14";
				CLANG_CXX_LIBRARY = "libc++";
				CLANG_ENABLE_MODULES = YES;
				CLANG_ENABLE_OBJC_ARC = NO;
				CLANG_ENABLE_OBJC_WEAK = YES;
				CLANG_WARN_BLOCK_CAPTURE_AUTORELEASING = YES;
				CLANG_WARN_BOOL_CONVERSION = YES;
				CLANG_WARN_COMMA = YES;
				CLANG_WARN_CONSTANT_CONVERSION = YES;
				CLANG_WARN_DEPRECATED_OBJC_IMPLEMENTATIONS = YES;
				CLANG_WARN_DIRECT_OBJC_ISA_USAGE = YES_ERROR;
				CLANG_WARN_DOCUMENTATION_COMMENTS = YES;
				CLANG_WARN_EMPTY_BODY = YES;
				CLANG_WARN_ENUM_CONVERSION = YES;
				CLANG_WARN_INFINITE_RECURSION = YES;
				CLANG_WARN_INT_CONVERSION = YES;
				CLANG_WARN_NON_LITERAL_NULL_CONVERSION = YES;
				CLANG_WARN_OBJC_IMPLICIT_RETAIN_SELF = YES;
				CLANG_WARN_OBJC_LITERAL_CONVERSION = YES;
				CLANG_WARN_OBJC_ROOT_CLASS = YES_ERROR;
				CLANG_WARN_RANGE_LOOP_ANALYSIS = YES;
				CLANG_WARN_STRICT_PROTOTYPES = YES;
				CLANG_WARN_SUSPICIOUS_MOVE = YES;
				CLANG_WARN_UNGUARDED_AVAILABILITY = YES_AGGRESSIVE;
				CLANG_WARN_UNREACHABLE_CODE = YES;
				CLANG_WARN__DUPLICATE_METHOD_MATCH = YES;
				CODE_SIGN_IDENTITY = "iPhone Developer";
				COPY_PHASE_STRIP = NO;
				DEBUG_INFORMATION_FORMAT = dwarf;
				ENABLE_STRICT_OBJC_MSGSEND = YES;
				ENABLE_TESTABILITY = YES;
				GCC_C_LANGUAGE_STANDARD = gnu11;
				GCC_DYNAMIC_NO_PIC = NO;
				GCC_NO_COMMON_BLOCKS = YES;
				GCC_OPTIMIZATION_LEVEL = 0;
				GCC_PREPROCESSOR_DEFINITIONS = (
					"DEBUG=1",
					"$(inherited)",
				);
				GCC_WARN_64_TO_32_BIT_CONVERSION = YES;
				GCC_WARN_ABOUT_RETURN_TYPE = YES_ERROR;
				GCC_WARN_UNDECLARED_SELECTOR = YES;
				GCC_WARN_UNINITIALIZED_AUTOS = YES_AGGRESSIVE;
				GCC_WARN_UNUSED_FUNCTION = YES;
				GCC_WARN_UNUSED_VARIABLE = YES;
				IPHONEOS_DEPLOYMENT_TARGET = 12.1;
				MTL_ENABLE_DEBUG_INFO = INCLUDE_SOURCE;
				MTL_FAST_MATH = YES;
				ONLY_ACTIVE_ARCH = YES;
				SDKROOT = iphoneos;
				SWIFT_ACTIVE_COMPILATION_CONDITIONS = DEBUG;
				SWIFT_OPTIMIZATION_LEVEL = "-Onone";
			};
			name = Debug;
		};
		20EEAB382211CC70007EE26A /* Release */ = {
			isa = XCBuildConfiguration;
			buildSettings = {
				ALWAYS_SEARCH_USER_PATHS = NO;
				CLANG_ANALYZER_NONNULL = YES;
				CLANG_ANALYZER_NUMBER_OBJECT_CONVERSION = YES_AGGRESSIVE;
				CLANG_CXX_LANGUAGE_STANDARD = "gnu++14";
				CLANG_CXX_LIBRARY = "libc++";
				CLANG_ENABLE_MODULES = YES;
				CLANG_ENABLE_OBJC_ARC = NO;
				CLANG_ENABLE_OBJC_WEAK = YES;
				CLANG_WARN_BLOCK_CAPTURE_AUTORELEASING = YES;
				CLANG_WARN_BOOL_CONVERSION = YES;
				CLANG_WARN_COMMA = YES;
				CLANG_WARN_CONSTANT_CONVERSION = YES;
				CLANG_WARN_DEPRECATED_OBJC_IMPLEMENTATIONS = YES;
				CLANG_WARN_DIRECT_OBJC_ISA_USAGE = YES_ERROR;
				CLANG_WARN_DOCUMENTATION_COMMENTS = YES;
				CLANG_WARN_EMPTY_BODY = YES;
				CLANG_WARN_ENUM_CONVERSION = YES;
				CLANG_WARN_INFINITE_RECURSION = YES;
				CLANG_WARN_INT_CONVERSION = YES;
				CLANG_WARN_NON_LITERAL_NULL_CONVERSION = YES;
				CLANG_WARN_OBJC_IMPLICIT_RETAIN_SELF = YES;
				CLANG_WARN_OBJC_LITERAL_CONVERSION = YES;
				CLANG_WARN_OBJC_ROOT_CLASS = YES_ERROR;
				CLANG_WARN_RANGE_LOOP_ANALYSIS = YES;
				CLANG_WARN_STRICT_PROTOTYPES = YES;
				CLANG_WARN_SUSPICIOUS_MOVE = YES;
				CLANG_WARN_UNGUARDED_AVAILABILITY = YES_AGGRESSIVE;
				CLANG_WARN_UNREACHABLE_CODE = YES;
				CLANG_WARN__DUPLICATE_METHOD_MATCH = YES;
				CODE_SIGN_IDENTITY = "iPhone Developer";
				COPY_PHASE_STRIP = NO;
				DEBUG_INFORMATION_FORMAT = "dwarf-with-dsym";
				ENABLE_NS_ASSERTIONS = NO;
				ENABLE_STRICT_OBJC_MSGSEND = YES;
				GCC_C_LANGUAGE_STANDARD = gnu11;
				GCC_NO_COMMON_BLOCKS = YES;
				GCC_WARN_64_TO_32_BIT_CONVERSION = YES;
				GCC_WARN_ABOUT_RETURN_TYPE = YES_ERROR;
				GCC_WARN_UNDECLARED_SELECTOR = YES;
				GCC_WARN_UNINITIALIZED_AUTOS = YES_AGGRESSIVE;
				GCC_WARN_UNUSED_FUNCTION = YES;
				GCC_WARN_UNUSED_VARIABLE = YES;
				IPHONEOS_DEPLOYMENT_TARGET = 12.1;
				MTL_ENABLE_DEBUG_INFO = NO;
				MTL_FAST_MATH = YES;
				SDKROOT = iphoneos;
				SWIFT_COMPILATION_MODE = wholemodule;
				SWIFT_OPTIMIZATION_LEVEL = "-O";
				VALIDATE_PRODUCT = YES;
			};
			name = Release;
		};
		20EEAB3A2211CC70007EE26A /* Debug */ = {
			isa = XCBuildConfiguration;
			buildSettings = {
				ASSETCATALOG_COMPILER_APPICON_NAME = AppIcon;
				CLANG_ENABLE_MODULES = YES;
				CODE_SIGN_STYLE = Automatic;
				DEVELOPMENT_TEAM = C4GS38D7TG;
				INFOPLIST_FILE = TinkoffChat/Info.plist;
				IPHONEOS_DEPLOYMENT_TARGET = 11.0;
				LD_RUNPATH_SEARCH_PATHS = (
					"$(inherited)",
					"@executable_path/Frameworks",
				);
				PRODUCT_BUNDLE_IDENTIFIER = "emil-programming.TinkoffChat";
				PRODUCT_NAME = "$(TARGET_NAME)";
				SWIFT_OBJC_BRIDGING_HEADER = "TinkoffChat/TinkoffChat-Bridging-Header.h";
				SWIFT_OPTIMIZATION_LEVEL = "-Onone";
				SWIFT_VERSION = 4.2;
				TARGETED_DEVICE_FAMILY = 1;
			};
			name = Debug;
		};
		20EEAB3B2211CC70007EE26A /* Release */ = {
			isa = XCBuildConfiguration;
			buildSettings = {
				ASSETCATALOG_COMPILER_APPICON_NAME = AppIcon;
				CLANG_ENABLE_MODULES = YES;
				CODE_SIGN_STYLE = Automatic;
				DEVELOPMENT_TEAM = C4GS38D7TG;
				INFOPLIST_FILE = TinkoffChat/Info.plist;
				IPHONEOS_DEPLOYMENT_TARGET = 11.0;
				LD_RUNPATH_SEARCH_PATHS = (
					"$(inherited)",
					"@executable_path/Frameworks",
				);
				PRODUCT_BUNDLE_IDENTIFIER = "emil-programming.TinkoffChat";
				PRODUCT_NAME = "$(TARGET_NAME)";
				SWIFT_OBJC_BRIDGING_HEADER = "TinkoffChat/TinkoffChat-Bridging-Header.h";
				SWIFT_VERSION = 4.2;
				TARGETED_DEVICE_FAMILY = 1;
			};
			name = Release;
		};
/* End XCBuildConfiguration section */

/* Begin XCConfigurationList section */
		20EEAB222211CC6F007EE26A /* Build configuration list for PBXProject "TinkoffChat" */ = {
			isa = XCConfigurationList;
			buildConfigurations = (
				20EEAB372211CC70007EE26A /* Debug */,
				20EEAB382211CC70007EE26A /* Release */,
			);
			defaultConfigurationIsVisible = 0;
			defaultConfigurationName = Release;
		};
		20EEAB392211CC70007EE26A /* Build configuration list for PBXNativeTarget "TinkoffChat" */ = {
			isa = XCConfigurationList;
			buildConfigurations = (
				20EEAB3A2211CC70007EE26A /* Debug */,
				20EEAB3B2211CC70007EE26A /* Release */,
			);
			defaultConfigurationIsVisible = 0;
			defaultConfigurationName = Release;
		};
/* End XCConfigurationList section */
	};
	rootObject = 20EEAB1F2211CC6F007EE26A /* Project object */;
}
